
Microsoft Visual Studio Solution File, Format Version 12.00
# Visual Studio 14
VisualStudioVersion = 14.0.25123.0
MinimumVisualStudioVersion = 10.0.40219.1
Project("{FAE04EC0-301F-11D3-BF4B-00C04F79EFBC}") = "Entidades", "Entidades\Entidades.csproj", "{6DB9685E-DD1F-4F2A-8A04-99A6815D904D}"
EndProject
Project("{FAE04EC0-301F-11D3-BF4B-00C04F79EFBC}") = "ConsolaPruebas", "ConsolaPruebas\ConsolaPruebas.csproj", "{E9807B75-883B-490C-8CD4-D15B8282E306}"
EndProject
Project("{FAE04EC0-301F-11D3-BF4B-00C04F79EFBC}") = "Migraciones", "Migraciones\Migraciones.csproj", "{7B953274-ADF3-4658-9BF2-001870830108}"
EndProject
Project("{2150E333-8FDC-42A3-9474-1A3956D46DE8}") = "Inicializadores", "Inicializadores", "{789628B4-AC5A-41C5-8CE4-A5B7C8E06434}"
EndProject
Project("{2150E333-8FDC-42A3-9474-1A3956D46DE8}") = "Migrations", "Migrations", "{29A1B909-24A4-4208-A795-6815C1263A45}"
EndProject
Global
	GlobalSection(SolutionConfigurationPlatforms) = preSolution
		Debug|Any CPU = Debug|Any CPU
		Release|Any CPU = Release|Any CPU
	EndGlobalSection
	GlobalSection(ProjectConfigurationPlatforms) = postSolution
		{6DB9685E-DD1F-4F2A-8A04-99A6815D904D}.Debug|Any CPU.ActiveCfg = Debug|Any CPU
		{6DB9685E-DD1F-4F2A-8A04-99A6815D904D}.Debug|Any CPU.Build.0 = Debug|Any CPU
		{6DB9685E-DD1F-4F2A-8A04-99A6815D904D}.Release|Any CPU.ActiveCfg = Release|Any CPU
		{6DB9685E-DD1F-4F2A-8A04-99A6815D904D}.Release|Any CPU.Build.0 = Release|Any CPU
		{E9807B75-883B-490C-8CD4-D15B8282E306}.Debug|Any CPU.ActiveCfg = Debug|Any CPU
		{E9807B75-883B-490C-8CD4-D15B8282E306}.Debug|Any CPU.Build.0 = Debug|Any CPU
		{E9807B75-883B-490C-8CD4-D15B8282E306}.Release|Any CPU.ActiveCfg = Release|Any CPU
		{E9807B75-883B-490C-8CD4-D15B8282E306}.Release|Any CPU.Build.0 = Release|Any CPU
		{7B953274-ADF3-4658-9BF2-001870830108}.Debug|Any CPU.ActiveCfg = Debug|Any CPU
		{7B953274-ADF3-4658-9BF2-001870830108}.Debug|Any CPU.Build.0 = Debug|Any CPU
		{7B953274-ADF3-4658-9BF2-001870830108}.Release|Any CPU.ActiveCfg = Release|Any CPU
		{7B953274-ADF3-4658-9BF2-001870830108}.Release|Any CPU.Build.0 = Release|Any CPU
	EndGlobalSection
	GlobalSection(SolutionProperties) = preSolution
		HideSolutionNode = FALSE
	EndGlobalSection
	GlobalSection(NestedProjects) = preSolution
		{6DB9685E-DD1F-4F2A-8A04-99A6815D904D} = {789628B4-AC5A-41C5-8CE4-A5B7C8E06434}
		{E9807B75-883B-490C-8CD4-D15B8282E306} = {789628B4-AC5A-41C5-8CE4-A5B7C8E06434}
		{7B953274-ADF3-4658-9BF2-001870830108} = {29A1B909-24A4-4208-A795-6815C1263A45}
	EndGlobalSection
EndGlobal
